
Microsoft Visual Studio Solution File, Format Version 12.00
# Visual Studio Version 17
VisualStudioVersion = 17.0.31903.59
MinimumVisualStudioVersion = 10.0.40219.1
Project("{FAE04EC0-301F-11D3-BF4B-00C04F79EFBC}") = "KauFeedback.API", "KauFeedback.API\KauFeedback.API.csproj", "{B865F0F4-03D1-4B5E-B44E-7F5A3974CFE9}"
EndProject
Global
	GlobalSection(SolutionConfigurationPlatforms) = preSolution
		Debug|Any CPU = Debug|Any CPU
		Release|Any CPU = Release|Any CPU
	EndGlobalSection
	GlobalSection(SolutionProperties) = preSolution
		HideSolutionNode = FALSE
	EndGlobalSection
	GlobalSection(ProjectConfigurationPlatforms) = postSolution
		{B865F0F4-03D1-4B5E-B44E-7F5A3974CFE9}.Debug|Any CPU.ActiveCfg = Debug|Any CPU
		{B865F0F4-03D1-4B5E-B44E-7F5A3974CFE9}.Debug|Any CPU.Build.0 = Debug|Any CPU
		{B865F0F4-03D1-4B5E-B44E-7F5A3974CFE9}.Release|Any CPU.ActiveCfg = Release|Any CPU
		{B865F0F4-03D1-4B5E-B44E-7F5A3974CFE9}.Release|Any CPU.Build.0 = Release|Any CPU
	EndGlobalSection
EndGlobal
